
Microsoft Visual Studio Solution File, Format Version 12.00
# Visual Studio 15
VisualStudioVersion = 15.0.27703.2035
MinimumVisualStudioVersion = 10.0.40219.1
Project("{FAE04EC0-301F-11D3-BF4B-00C04F79EFBC}") = "SimpleCalculator", "SimpleCalculator\SimpleCalculator.csproj", "{DA92E94D-74E2-4379-95DB-7D004E7EA7F3}"
EndProject
Global
	GlobalSection(SolutionConfigurationPlatforms) = preSolution
		Debug|Any CPU = Debug|Any CPU
		Release|Any CPU = Release|Any CPU
	EndGlobalSection
	GlobalSection(ProjectConfigurationPlatforms) = postSolution
		{DA92E94D-74E2-4379-95DB-7D004E7EA7F3}.Debug|Any CPU.ActiveCfg = Debug|Any CPU
		{DA92E94D-74E2-4379-95DB-7D004E7EA7F3}.Debug|Any CPU.Build.0 = Debug|Any CPU
		{DA92E94D-74E2-4379-95DB-7D004E7EA7F3}.Release|Any CPU.ActiveCfg = Release|Any CPU
		{DA92E94D-74E2-4379-95DB-7D004E7EA7F3}.Release|Any CPU.Build.0 = Release|Any CPU
	EndGlobalSection
	GlobalSection(SolutionProperties) = preSolution
		HideSolutionNode = FALSE
	EndGlobalSection
	GlobalSection(ExtensibilityGlobals) = postSolution
		SolutionGuid = {30A05DBD-50C2-4E12-8521-1E2B5F4D5822}
	EndGlobalSection
EndGlobal
