
Microsoft Visual Studio Solution File, Format Version 12.00
# Visual Studio 15
VisualStudioVersion = 15.0.27703.2035
MinimumVisualStudioVersion = 10.0.40219.1
Project("{FAE04EC0-301F-11D3-BF4B-00C04F79EFBC}") = "ProjectedRaisesGUI", "ProjectedRaisesGUI\ProjectedRaisesGUI.csproj", "{66B9C87D-83A5-4377-861C-CD4715438162}"
EndProject
Global
	GlobalSection(SolutionConfigurationPlatforms) = preSolution
		Debug|Any CPU = Debug|Any CPU
		Release|Any CPU = Release|Any CPU
	EndGlobalSection
	GlobalSection(ProjectConfigurationPlatforms) = postSolution
		{66B9C87D-83A5-4377-861C-CD4715438162}.Debug|Any CPU.ActiveCfg = Debug|Any CPU
		{66B9C87D-83A5-4377-861C-CD4715438162}.Debug|Any CPU.Build.0 = Debug|Any CPU
		{66B9C87D-83A5-4377-861C-CD4715438162}.Release|Any CPU.ActiveCfg = Release|Any CPU
		{66B9C87D-83A5-4377-861C-CD4715438162}.Release|Any CPU.Build.0 = Release|Any CPU
	EndGlobalSection
	GlobalSection(SolutionProperties) = preSolution
		HideSolutionNode = FALSE
	EndGlobalSection
	GlobalSection(ExtensibilityGlobals) = postSolution
		SolutionGuid = {D0ADFFC3-5D49-46C4-A56D-3C5096B7289A}
	EndGlobalSection
EndGlobal
