
Microsoft Visual Studio Solution File, Format Version 12.00
# Visual Studio 15
VisualStudioVersion = 15.0.27703.2035
MinimumVisualStudioVersion = 10.0.40219.1
Project("{FAE04EC0-301F-11D3-BF4B-00C04F79EFBC}") = "HighLow", "HighLow\HighLow.csproj", "{DBFDEE4A-269A-4401-A83B-298C5A7FA301}"
EndProject
Global
	GlobalSection(SolutionConfigurationPlatforms) = preSolution
		Debug|Any CPU = Debug|Any CPU
		Release|Any CPU = Release|Any CPU
	EndGlobalSection
	GlobalSection(ProjectConfigurationPlatforms) = postSolution
		{DBFDEE4A-269A-4401-A83B-298C5A7FA301}.Debug|Any CPU.ActiveCfg = Debug|Any CPU
		{DBFDEE4A-269A-4401-A83B-298C5A7FA301}.Debug|Any CPU.Build.0 = Debug|Any CPU
		{DBFDEE4A-269A-4401-A83B-298C5A7FA301}.Release|Any CPU.ActiveCfg = Release|Any CPU
		{DBFDEE4A-269A-4401-A83B-298C5A7FA301}.Release|Any CPU.Build.0 = Release|Any CPU
	EndGlobalSection
	GlobalSection(SolutionProperties) = preSolution
		HideSolutionNode = FALSE
	EndGlobalSection
	GlobalSection(ExtensibilityGlobals) = postSolution
		SolutionGuid = {79DF9B74-F6BA-465B-A384-56CAE2FAB422}
	EndGlobalSection
EndGlobal
